# This file is generated by running "yarn install" inside your project.
# Manual changes might be lost - proceed with caution!

__metadata:
  version: 8
  cacheKey: 10c0

"Base@workspace:.":
  version: 0.0.0-use.local
  resolution: "Base@workspace:."
  dependencies:
    cz-cli: "npm:^1.0.0"
    cz-customizable: "git@github.com:DeadlySquad13/cz-customizable.git"
  languageName: unknown
  linkType: soft

"ansi-escapes@npm:^3.2.0":
  version: 3.2.0
  resolution: "ansi-escapes@npm:3.2.0"
  checksum: 10c0/084e1ce38139ad2406f18a8e7efe2b850ddd06ce3c00f633392d1ce67756dab44fe290e573d09ef3c9a0cb13c12881e0e35a8f77a017d39a0a4ab85ae2fae04f
  languageName: node
  linkType: hard

"ansi-regex@npm:^3.0.0":
  version: 3.0.1
  resolution: "ansi-regex@npm:3.0.1"
  checksum: 10c0/d108a7498b8568caf4a46eea4f1784ab4e0dfb2e3f3938c697dee21443d622d765c958f2b7e2b9f6b9e55e2e2af0584eaa9915d51782b89a841c28e744e7a167
  languageName: node
  linkType: hard

"ansi-regex@npm:^4.1.0":
  version: 4.1.1
  resolution: "ansi-regex@npm:4.1.1"
  checksum: 10c0/d36d34234d077e8770169d980fed7b2f3724bfa2a01da150ccd75ef9707c80e883d27cdf7a0eac2f145ac1d10a785a8a855cffd05b85f778629a0db62e7033da
  languageName: node
  linkType: hard

"ansi-styles@npm:^3.2.1":
  version: 3.2.1
  resolution: "ansi-styles@npm:3.2.1"
  dependencies:
    color-convert: "npm:^1.9.0"
  checksum: 10c0/ece5a8ef069fcc5298f67e3f4771a663129abd174ea2dfa87923a2be2abf6cd367ef72ac87942da00ce85bd1d651d4cd8595aebdb1b385889b89b205860e977b
  languageName: node
  linkType: hard

"balanced-match@npm:^1.0.0":
  version: 1.0.2
  resolution: "balanced-match@npm:1.0.2"
  checksum: 10c0/9308baf0a7e4838a82bbfd11e01b1cb0f0cf2893bc1676c27c2a8c0e70cbae1c59120c3268517a8ae7fb6376b4639ef81ca22582611dbee4ed28df945134aaee
  languageName: node
  linkType: hard

"brace-expansion@npm:^1.1.7":
  version: 1.1.11
  resolution: "brace-expansion@npm:1.1.11"
  dependencies:
    balanced-match: "npm:^1.0.0"
    concat-map: "npm:0.0.1"
  checksum: 10c0/695a56cd058096a7cb71fb09d9d6a7070113c7be516699ed361317aca2ec169f618e28b8af352e02ab4233fb54eb0168460a40dc320bab0034b36ab59aaad668
  languageName: node
  linkType: hard

"chalk@npm:^2.4.2":
  version: 2.4.2
  resolution: "chalk@npm:2.4.2"
  dependencies:
    ansi-styles: "npm:^3.2.1"
    escape-string-regexp: "npm:^1.0.5"
    supports-color: "npm:^5.3.0"
  checksum: 10c0/e6543f02ec877732e3a2d1c3c3323ddb4d39fbab687c23f526e25bd4c6a9bf3b83a696e8c769d078e04e5754921648f7821b2a2acfd16c550435fd630026e073
  languageName: node
  linkType: hard

"chardet@npm:^0.7.0":
  version: 0.7.0
  resolution: "chardet@npm:0.7.0"
  checksum: 10c0/96e4731b9ec8050cbb56ab684e8c48d6c33f7826b755802d14e3ebfdc51c57afeece3ea39bc6b09acc359e4363525388b915e16640c1378053820f5e70d0f27d
  languageName: node
  linkType: hard

"cli-cursor@npm:^2.1.0":
  version: 2.1.0
  resolution: "cli-cursor@npm:2.1.0"
  dependencies:
    restore-cursor: "npm:^2.0.0"
  checksum: 10c0/09ee6d8b5b818d840bf80ec9561eaf696672197d3a02a7daee2def96d5f52ce6e0bbe7afca754ccf14f04830b5a1b4556273e983507d5029f95bba3016618eda
  languageName: node
  linkType: hard

"cli-width@npm:^2.0.0":
  version: 2.2.1
  resolution: "cli-width@npm:2.2.1"
  checksum: 10c0/e3a6d422d657ca111c630f69ee0f1a499e8f114eea158ccb2cdbedd19711edffa217093bbd43dafb34b68d1b1a3b5334126e51d059b9ec1d19afa53b42b3ef86
  languageName: node
  linkType: hard

"color-convert@npm:^1.9.0":
  version: 1.9.3
  resolution: "color-convert@npm:1.9.3"
  dependencies:
    color-name: "npm:1.1.3"
  checksum: 10c0/5ad3c534949a8c68fca8fbc6f09068f435f0ad290ab8b2f76841b9e6af7e0bb57b98cb05b0e19fe33f5d91e5a8611ad457e5f69e0a484caad1f7487fd0e8253c
  languageName: node
  linkType: hard

"color-name@npm:1.1.3":
  version: 1.1.3
  resolution: "color-name@npm:1.1.3"
  checksum: 10c0/566a3d42cca25b9b3cd5528cd7754b8e89c0eb646b7f214e8e2eaddb69994ac5f0557d9c175eb5d8f0ad73531140d9c47525085ee752a91a2ab15ab459caf6d6
  languageName: node
  linkType: hard

"concat-map@npm:0.0.1":
  version: 0.0.1
  resolution: "concat-map@npm:0.0.1"
  checksum: 10c0/c996b1cfdf95b6c90fee4dae37e332c8b6eb7d106430c17d538034c0ad9a1630cb194d2ab37293b1bdd4d779494beee7786d586a50bd9376fd6f7bcc2bd4c98f
  languageName: node
  linkType: hard

"cz-cli@npm:^1.0.0":
  version: 1.0.0
  resolution: "cz-cli@npm:1.0.0"
  checksum: 10c0/9afc5b8939c6dcdf3df05eb72ab7cac6c54e3a3ac2af30096e742e3a51f6d8404148a0d323ec6aea78503dca40761af9ce8a0a028fbbe308c7dbd393a41ef251
  languageName: node
  linkType: hard

"cz-customizable@git@github.com:DeadlySquad13/cz-customizable.git":
  version: 0.0.0-development
  resolution: "cz-customizable@git@github.com:DeadlySquad13/cz-customizable.git#commit=c8a432e239f89a56d96c3409e7330b3ea9358dee"
  dependencies:
    editor: "npm:1.0.0"
    find-config: "npm:^1.0.0"
    inquirer: "npm:^6.3.1"
    lodash: "npm:^4.17.19"
    temp: "npm:^0.9.0"
    word-wrap: "npm:^1.2.3"
  bin:
    cz-cust: ./standalone.js
    cz-customizable: ./standalone.js
  checksum: 10c0/4241fb6b33e568092420688a513a41b3ddee7ac9497c53e0884f5a0d56dde5910659691867d4a899ee2cf71955b9e9ca9caa07b2e9670511afb1f65b528fa3ae
  languageName: node
  linkType: hard

"editor@npm:1.0.0":
  version: 1.0.0
  resolution: "editor@npm:1.0.0"
  checksum: 10c0/64b786af539d7675cb3c4503f1660e63a4968c0b7071be9a5b2dcfa3b2011444c39b242c228e90623b5014a58c43bd3ee0238f308ccb3ebbf6f666374eecbd50
  languageName: node
  linkType: hard

"escape-string-regexp@npm:^1.0.5":
  version: 1.0.5
  resolution: "escape-string-regexp@npm:1.0.5"
  checksum: 10c0/a968ad453dd0c2724e14a4f20e177aaf32bb384ab41b674a8454afe9a41c5e6fe8903323e0a1052f56289d04bd600f81278edf140b0fcc02f5cac98d0f5b5371
  languageName: node
  linkType: hard

"external-editor@npm:^3.0.3":
  version: 3.1.0
  resolution: "external-editor@npm:3.1.0"
  dependencies:
    chardet: "npm:^0.7.0"
    iconv-lite: "npm:^0.4.24"
    tmp: "npm:^0.0.33"
  checksum: 10c0/c98f1ba3efdfa3c561db4447ff366a6adb5c1e2581462522c56a18bf90dfe4da382f9cd1feee3e330108c3595a854b218272539f311ba1b3298f841eb0fbf339
  languageName: node
  linkType: hard

"figures@npm:^2.0.0":
  version: 2.0.0
  resolution: "figures@npm:2.0.0"
  dependencies:
    escape-string-regexp: "npm:^1.0.5"
  checksum: 10c0/5dc5a75fec3e7e04ae65d6ce51d28b3e70d4656c51b06996b6fdb2cb5b542df512e3b3c04482f5193a964edddafa5521479ff948fa84e12ff556e53e094ab4ce
  languageName: node
  linkType: hard

"find-config@npm:^1.0.0":
  version: 1.0.0
  resolution: "find-config@npm:1.0.0"
  dependencies:
    user-home: "npm:^2.0.0"
  checksum: 10c0/e5e3b45f5d86b6295e1afdba4576029996382e8c5d7b0090fa1607d6efb1a5408c4ab692480d3dfe4e5a01876b9c99bfae3624d9843f36a2feef01eb4dc189e5
  languageName: node
  linkType: hard

"fs.realpath@npm:^1.0.0":
  version: 1.0.0
  resolution: "fs.realpath@npm:1.0.0"
  checksum: 10c0/444cf1291d997165dfd4c0d58b69f0e4782bfd9149fd72faa4fe299e68e0e93d6db941660b37dd29153bf7186672ececa3b50b7e7249477b03fdf850f287c948
  languageName: node
  linkType: hard

"glob@npm:^7.1.3":
  version: 7.2.3
  resolution: "glob@npm:7.2.3"
  dependencies:
    fs.realpath: "npm:^1.0.0"
    inflight: "npm:^1.0.4"
    inherits: "npm:2"
    minimatch: "npm:^3.1.1"
    once: "npm:^1.3.0"
    path-is-absolute: "npm:^1.0.0"
  checksum: 10c0/65676153e2b0c9095100fe7f25a778bf45608eeb32c6048cf307f579649bcc30353277b3b898a3792602c65764e5baa4f643714dfbdfd64ea271d210c7a425fe
  languageName: node
  linkType: hard

"has-flag@npm:^3.0.0":
  version: 3.0.0
  resolution: "has-flag@npm:3.0.0"
  checksum: 10c0/1c6c83b14b8b1b3c25b0727b8ba3e3b647f99e9e6e13eb7322107261de07a4c1be56fc0d45678fc376e09772a3a1642ccdaf8fc69bdf123b6c086598397ce473
  languageName: node
  linkType: hard

"iconv-lite@npm:^0.4.24":
  version: 0.4.24
  resolution: "iconv-lite@npm:0.4.24"
  dependencies:
    safer-buffer: "npm:>= 2.1.2 < 3"
  checksum: 10c0/c6886a24cc00f2a059767440ec1bc00d334a89f250db8e0f7feb4961c8727118457e27c495ba94d082e51d3baca378726cd110aaf7ded8b9bbfd6a44760cf1d4
  languageName: node
  linkType: hard

"inflight@npm:^1.0.4":
  version: 1.0.6
  resolution: "inflight@npm:1.0.6"
  dependencies:
    once: "npm:^1.3.0"
    wrappy: "npm:1"
  checksum: 10c0/7faca22584600a9dc5b9fca2cd5feb7135ac8c935449837b315676b4c90aa4f391ec4f42240178244b5a34e8bede1948627fda392ca3191522fc46b34e985ab2
  languageName: node
  linkType: hard

"inherits@npm:2":
  version: 2.0.4
  resolution: "inherits@npm:2.0.4"
  checksum: 10c0/4e531f648b29039fb7426fb94075e6545faa1eb9fe83c29f0b6d9e7263aceb4289d2d4557db0d428188eeb449cc7c5e77b0a0b2c4e248ff2a65933a0dee49ef2
  languageName: node
  linkType: hard

"inquirer@npm:^6.3.1":
  version: 6.5.2
  resolution: "inquirer@npm:6.5.2"
  dependencies:
    ansi-escapes: "npm:^3.2.0"
    chalk: "npm:^2.4.2"
    cli-cursor: "npm:^2.1.0"
    cli-width: "npm:^2.0.0"
    external-editor: "npm:^3.0.3"
    figures: "npm:^2.0.0"
    lodash: "npm:^4.17.12"
    mute-stream: "npm:0.0.7"
    run-async: "npm:^2.2.0"
    rxjs: "npm:^6.4.0"
    string-width: "npm:^2.1.0"
    strip-ansi: "npm:^5.1.0"
    through: "npm:^2.3.6"
  checksum: 10c0/a5aa53a8f88405cf1cff63111493f87a5b3b5deb5ea4a0dbcd73ccc06a51a6bba0c3f1a0747f8880e9e3ec2437c69f90417be16368abf636b1d29eebe35db0ac
  languageName: node
  linkType: hard

"is-fullwidth-code-point@npm:^2.0.0":
  version: 2.0.0
  resolution: "is-fullwidth-code-point@npm:2.0.0"
  checksum: 10c0/e58f3e4a601fc0500d8b2677e26e9fe0cd450980e66adb29d85b6addf7969731e38f8e43ed2ec868a09c101a55ac3d8b78902209269f38c5286bc98f5bc1b4d9
  languageName: node
  linkType: hard

"lodash@npm:^4.17.12, lodash@npm:^4.17.19":
  version: 4.17.21
  resolution: "lodash@npm:4.17.21"
  checksum: 10c0/d8cbea072bb08655bb4c989da418994b073a608dffa608b09ac04b43a791b12aeae7cd7ad919aa4c925f33b48490b5cfe6c1f71d827956071dae2e7bb3a6b74c
  languageName: node
  linkType: hard

"mimic-fn@npm:^1.0.0":
  version: 1.2.0
  resolution: "mimic-fn@npm:1.2.0"
  checksum: 10c0/ad55214aec6094c0af4c0beec1a13787556f8116ed88807cf3f05828500f21f93a9482326bcd5a077ae91e3e8795b4e76b5b4c8bb12237ff0e4043a365516cba
  languageName: node
  linkType: hard

"minimatch@npm:^3.1.1":
  version: 3.1.2
  resolution: "minimatch@npm:3.1.2"
  dependencies:
    brace-expansion: "npm:^1.1.7"
  checksum: 10c0/0262810a8fc2e72cca45d6fd86bd349eee435eb95ac6aa45c9ea2180e7ee875ef44c32b55b5973ceabe95ea12682f6e3725cbb63d7a2d1da3ae1163c8b210311
  languageName: node
  linkType: hard

"minimist@npm:^1.2.6":
  version: 1.2.8
  resolution: "minimist@npm:1.2.8"
  checksum: 10c0/19d3fcdca050087b84c2029841a093691a91259a47def2f18222f41e7645a0b7c44ef4b40e88a1e58a40c84d2ef0ee6047c55594d298146d0eb3f6b737c20ce6
  languageName: node
  linkType: hard

"mkdirp@npm:^0.5.1":
  version: 0.5.6
  resolution: "mkdirp@npm:0.5.6"
  dependencies:
    minimist: "npm:^1.2.6"
  bin:
    mkdirp: bin/cmd.js
  checksum: 10c0/e2e2be789218807b58abced04e7b49851d9e46e88a2f9539242cc8a92c9b5c3a0b9bab360bd3014e02a140fc4fbc58e31176c408b493f8a2a6f4986bd7527b01
  languageName: node
  linkType: hard

"mute-stream@npm:0.0.7":
  version: 0.0.7
  resolution: "mute-stream@npm:0.0.7"
  checksum: 10c0/c687cfe99289166fe17dcbd0cf49612c5d267410a7819b654a82df45016967d7b2b0b18b35410edef86de6bb089a00413557dc0182c5e78a4af50ba5d61edb42
  languageName: node
  linkType: hard

"once@npm:^1.3.0":
  version: 1.4.0
  resolution: "once@npm:1.4.0"
  dependencies:
    wrappy: "npm:1"
  checksum: 10c0/5d48aca287dfefabd756621c5dfce5c91a549a93e9fdb7b8246bc4c4790aa2ec17b34a260530474635147aeb631a2dcc8b32c613df0675f96041cbb8244517d0
  languageName: node
  linkType: hard

"onetime@npm:^2.0.0":
  version: 2.0.1
  resolution: "onetime@npm:2.0.1"
  dependencies:
    mimic-fn: "npm:^1.0.0"
  checksum: 10c0/b4e44a8c34e70e02251bfb578a6e26d6de6eedbed106cd78211d2fd64d28b6281d54924696554e4e966559644243753ac5df73c87f283b0927533d3315696215
  languageName: node
  linkType: hard

"os-homedir@npm:^1.0.0":
  version: 1.0.2
  resolution: "os-homedir@npm:1.0.2"
  checksum: 10c0/6be4aa67317ee247b8d46142e243fb4ef1d2d65d3067f54bfc5079257a2f4d4d76b2da78cba7af3cb3f56dbb2e4202e0c47f26171d11ca1ed4008d842c90363f
  languageName: node
  linkType: hard

"os-tmpdir@npm:~1.0.2":
  version: 1.0.2
  resolution: "os-tmpdir@npm:1.0.2"
  checksum: 10c0/f438450224f8e2687605a8dd318f0db694b6293c5d835ae509a69e97c8de38b6994645337e5577f5001115470414638978cc49da1cdcc25106dad8738dc69990
  languageName: node
  linkType: hard

"path-is-absolute@npm:^1.0.0":
  version: 1.0.1
  resolution: "path-is-absolute@npm:1.0.1"
  checksum: 10c0/127da03c82172a2a50099cddbf02510c1791fc2cc5f7713ddb613a56838db1e8168b121a920079d052e0936c23005562059756d653b7c544c53185efe53be078
  languageName: node
  linkType: hard

"restore-cursor@npm:^2.0.0":
  version: 2.0.0
  resolution: "restore-cursor@npm:2.0.0"
  dependencies:
    onetime: "npm:^2.0.0"
    signal-exit: "npm:^3.0.2"
  checksum: 10c0/f5b335bee06f440445e976a7031a3ef53691f9b7c4a9d42a469a0edaf8a5508158a0d561ff2b26a1f4f38783bcca2c0e5c3a44f927326f6694d5b44d7a4993e6
  languageName: node
  linkType: hard

"rimraf@npm:~2.6.2":
  version: 2.6.3
  resolution: "rimraf@npm:2.6.3"
  dependencies:
    glob: "npm:^7.1.3"
  bin:
    rimraf: ./bin.js
  checksum: 10c0/f1e646f8c567795f2916aef7aadf685b543da6b9a53e482bb04b07472c7eef2b476045ba1e29f401c301c66b630b22b815ab31fdd60c5e1ae6566ff523debf45
  languageName: node
  linkType: hard

"run-async@npm:^2.2.0":
  version: 2.4.1
  resolution: "run-async@npm:2.4.1"
  checksum: 10c0/35a68c8f1d9664f6c7c2e153877ca1d6e4f886e5ca067c25cdd895a6891ff3a1466ee07c63d6a9be306e9619ff7d509494e6d9c129516a36b9fd82263d579ee1
  languageName: node
  linkType: hard

"rxjs@npm:^6.4.0":
  version: 6.6.7
  resolution: "rxjs@npm:6.6.7"
  dependencies:
    tslib: "npm:^1.9.0"
  checksum: 10c0/e556a13a9aa89395e5c9d825eabcfa325568d9c9990af720f3f29f04a888a3b854f25845c2b55875d875381abcae2d8100af9cacdc57576e7ed6be030a01d2fe
  languageName: node
  linkType: hard

"safer-buffer@npm:>= 2.1.2 < 3":
  version: 2.1.2
  resolution: "safer-buffer@npm:2.1.2"
  checksum: 10c0/7e3c8b2e88a1841c9671094bbaeebd94448111dd90a81a1f606f3f67708a6ec57763b3b47f06da09fc6054193e0e6709e77325415dc8422b04497a8070fa02d4
  languageName: node
  linkType: hard

"signal-exit@npm:^3.0.2":
  version: 3.0.7
  resolution: "signal-exit@npm:3.0.7"
  checksum: 10c0/25d272fa73e146048565e08f3309d5b942c1979a6f4a58a8c59d5fa299728e9c2fcd1a759ec870863b1fd38653670240cd420dad2ad9330c71f36608a6a1c912
  languageName: node
  linkType: hard

"string-width@npm:^2.1.0":
  version: 2.1.1
  resolution: "string-width@npm:2.1.1"
  dependencies:
    is-fullwidth-code-point: "npm:^2.0.0"
    strip-ansi: "npm:^4.0.0"
  checksum: 10c0/e5f2b169fcf8a4257a399f95d069522f056e92ec97dbdcb9b0cdf14d688b7ca0b1b1439a1c7b9773cd79446cbafd582727279d6bfdd9f8edd306ea5e90e5b610
  languageName: node
  linkType: hard

"strip-ansi@npm:^4.0.0":
  version: 4.0.0
  resolution: "strip-ansi@npm:4.0.0"
  dependencies:
    ansi-regex: "npm:^3.0.0"
  checksum: 10c0/d75d9681e0637ea316ddbd7d4d3be010b1895a17e885155e0ed6a39755ae0fd7ef46e14b22162e66a62db122d3a98ab7917794e255532ab461bb0a04feb03e7d
  languageName: node
  linkType: hard

"strip-ansi@npm:^5.1.0":
  version: 5.2.0
  resolution: "strip-ansi@npm:5.2.0"
  dependencies:
    ansi-regex: "npm:^4.1.0"
  checksum: 10c0/de4658c8a097ce3b15955bc6008f67c0790f85748bdc025b7bc8c52c7aee94bc4f9e50624516150ed173c3db72d851826cd57e7a85fe4e4bb6dbbebd5d297fdf
  languageName: node
  linkType: hard

"supports-color@npm:^5.3.0":
  version: 5.5.0
  resolution: "supports-color@npm:5.5.0"
  dependencies:
    has-flag: "npm:^3.0.0"
  checksum: 10c0/6ae5ff319bfbb021f8a86da8ea1f8db52fac8bd4d499492e30ec17095b58af11f0c55f8577390a749b1c4dde691b6a0315dab78f5f54c9b3d83f8fb5905c1c05
  languageName: node
  linkType: hard

"temp@npm:^0.9.0":
  version: 0.9.4
  resolution: "temp@npm:0.9.4"
  dependencies:
    mkdirp: "npm:^0.5.1"
    rimraf: "npm:~2.6.2"
  checksum: 10c0/7a1cd75efa65b9ca97fc0dfa752673842d23fa41d9c641a447d86ca986eb7662f0d17771e1edf8d0149e76de3c6e7005faf2ccaa3baf64811c86d1d1a951dda7
  languageName: node
  linkType: hard

"through@npm:^2.3.6":
  version: 2.3.8
  resolution: "through@npm:2.3.8"
  checksum: 10c0/4b09f3774099de0d4df26d95c5821a62faee32c7e96fb1f4ebd54a2d7c11c57fe88b0a0d49cf375de5fee5ae6bf4eb56dbbf29d07366864e2ee805349970d3cc
  languageName: node
  linkType: hard

"tmp@npm:^0.0.33":
  version: 0.0.33
  resolution: "tmp@npm:0.0.33"
  dependencies:
    os-tmpdir: "npm:~1.0.2"
  checksum: 10c0/69863947b8c29cabad43fe0ce65cec5bb4b481d15d4b4b21e036b060b3edbf3bc7a5541de1bacb437bb3f7c4538f669752627fdf9b4aaf034cebd172ba373408
  languageName: node
  linkType: hard

"tslib@npm:^1.9.0":
  version: 1.14.1
  resolution: "tslib@npm:1.14.1"
  checksum: 10c0/69ae09c49eea644bc5ebe1bca4fa4cc2c82b7b3e02f43b84bd891504edf66dbc6b2ec0eef31a957042de2269139e4acff911e6d186a258fb14069cd7f6febce2
  languageName: node
  linkType: hard

"user-home@npm:^2.0.0":
  version: 2.0.0
  resolution: "user-home@npm:2.0.0"
  dependencies:
    os-homedir: "npm:^1.0.0"
  checksum: 10c0/cbcb251c64f0dce8f3a598049afa5dadd42c928f9834c8720227ee17ededa819296582f9964d963974787f00a4d4cd68e90fd69bc5d8df528d666a6882f84b0c
  languageName: node
  linkType: hard

"word-wrap@npm:^1.2.3":
  version: 1.2.5
  resolution: "word-wrap@npm:1.2.5"
  checksum: 10c0/e0e4a1ca27599c92a6ca4c32260e8a92e8a44f4ef6ef93f803f8ed823f486e0889fc0b93be4db59c8d51b3064951d25e43d434e95dc8c960cc3a63d65d00ba20
  languageName: node
  linkType: hard

"wrappy@npm:1":
  version: 1.0.2
  resolution: "wrappy@npm:1.0.2"
  checksum: 10c0/56fece1a4018c6a6c8e28fbc88c87e0fbf4ea8fd64fc6c63b18f4acc4bd13e0ad2515189786dd2c30d3eec9663d70f4ecf699330002f8ccb547e4a18231fc9f0
  languageName: node
  linkType: hard
